
Microsoft Visual Studio Solution File, Format Version 12.00
# Visual Studio Version 17
VisualStudioVersion = 17.4.33213.308
MinimumVisualStudioVersion = 10.0.40219.1
Project("{9A19103F-16F7-4668-BE54-9A1E7A4F7556}") = "Ecommerce.Api.Products", "Ecommerce.Api.Products\Ecommerce.Api.Products.csproj", "{EFA20917-B6FE-4A97-833D-4E24B9F292F1}"
EndProject
Project("{9A19103F-16F7-4668-BE54-9A1E7A4F7556}") = "Ecommerce.Api.Customers", "Ecommerce.Api.Customers\Ecommerce.Api.Customers.csproj", "{F4170A71-2FB5-4DC8-A905-3D4B89745130}"
EndProject
Project("{9A19103F-16F7-4668-BE54-9A1E7A4F7556}") = "Ecommerce.Api.Orders", "Ecommerce.Api.Orders\Ecommerce.Api.Orders.csproj", "{9F883754-152C-482D-8751-EDD316E6F8CE}"
EndProject
Project("{9A19103F-16F7-4668-BE54-9A1E7A4F7556}") = "Ecommerce.Api.Search", "Ecommerce.Api.Search\Ecommerce.Api.Search.csproj", "{8CBF1C74-A24C-4BE8-AE40-1AB65C87E9E1}"
EndProject
Project("{FAE04EC0-301F-11D3-BF4B-00C04F79EFBC}") = "Ecommerce.Api.Products.Tests", "Ecommerce.Api.Products.Tests\Ecommerce.Api.Products.Tests.csproj", "{DB41798A-8F97-452C-A35F-A63A4523ADB3}"
EndProject
Global
	GlobalSection(SolutionConfigurationPlatforms) = preSolution
		Debug|Any CPU = Debug|Any CPU
		Release|Any CPU = Release|Any CPU
	EndGlobalSection
	GlobalSection(ProjectConfigurationPlatforms) = postSolution
		{EFA20917-B6FE-4A97-833D-4E24B9F292F1}.Debug|Any CPU.ActiveCfg = Debug|Any CPU
		{EFA20917-B6FE-4A97-833D-4E24B9F292F1}.Debug|Any CPU.Build.0 = Debug|Any CPU
		{EFA20917-B6FE-4A97-833D-4E24B9F292F1}.Release|Any CPU.ActiveCfg = Release|Any CPU
		{EFA20917-B6FE-4A97-833D-4E24B9F292F1}.Release|Any CPU.Build.0 = Release|Any CPU
		{F4170A71-2FB5-4DC8-A905-3D4B89745130}.Debug|Any CPU.ActiveCfg = Debug|Any CPU
		{F4170A71-2FB5-4DC8-A905-3D4B89745130}.Debug|Any CPU.Build.0 = Debug|Any CPU
		{F4170A71-2FB5-4DC8-A905-3D4B89745130}.Release|Any CPU.ActiveCfg = Release|Any CPU
		{F4170A71-2FB5-4DC8-A905-3D4B89745130}.Release|Any CPU.Build.0 = Release|Any CPU
		{9F883754-152C-482D-8751-EDD316E6F8CE}.Debug|Any CPU.ActiveCfg = Debug|Any CPU
		{9F883754-152C-482D-8751-EDD316E6F8CE}.Debug|Any CPU.Build.0 = Debug|Any CPU
		{9F883754-152C-482D-8751-EDD316E6F8CE}.Release|Any CPU.ActiveCfg = Release|Any CPU
		{9F883754-152C-482D-8751-EDD316E6F8CE}.Release|Any CPU.Build.0 = Release|Any CPU
		{8CBF1C74-A24C-4BE8-AE40-1AB65C87E9E1}.Debug|Any CPU.ActiveCfg = Debug|Any CPU
		{8CBF1C74-A24C-4BE8-AE40-1AB65C87E9E1}.Debug|Any CPU.Build.0 = Debug|Any CPU
		{8CBF1C74-A24C-4BE8-AE40-1AB65C87E9E1}.Release|Any CPU.ActiveCfg = Release|Any CPU
		{8CBF1C74-A24C-4BE8-AE40-1AB65C87E9E1}.Release|Any CPU.Build.0 = Release|Any CPU
		{DB41798A-8F97-452C-A35F-A63A4523ADB3}.Debug|Any CPU.ActiveCfg = Debug|Any CPU
		{DB41798A-8F97-452C-A35F-A63A4523ADB3}.Debug|Any CPU.Build.0 = Debug|Any CPU
		{DB41798A-8F97-452C-A35F-A63A4523ADB3}.Release|Any CPU.ActiveCfg = Release|Any CPU
		{DB41798A-8F97-452C-A35F-A63A4523ADB3}.Release|Any CPU.Build.0 = Release|Any CPU
	EndGlobalSection
	GlobalSection(SolutionProperties) = preSolution
		HideSolutionNode = FALSE
	EndGlobalSection
	GlobalSection(ExtensibilityGlobals) = postSolution
		SolutionGuid = {D7D3718E-524A-4A0A-80DD-7E9409834487}
	EndGlobalSection
EndGlobal
